
Microsoft Visual Studio Solution File, Format Version 12.00
# Visual Studio Version 17
VisualStudioVersion = 17.7.34009.444
MinimumVisualStudioVersion = 10.0.40219.1
Project("{FAE04EC0-301F-11D3-BF4B-00C04F79EFBC}") = "appbankomat", "appbankomat.csproj", "{A76A7CA4-D014-40F6-84DD-B1BA82DBDB39}"
EndProject
Global
	GlobalSection(SolutionConfigurationPlatforms) = preSolution
		Debug|Any CPU = Debug|Any CPU
		Release|Any CPU = Release|Any CPU
	EndGlobalSection
	GlobalSection(ProjectConfigurationPlatforms) = postSolution
		{A76A7CA4-D014-40F6-84DD-B1BA82DBDB39}.Debug|Any CPU.ActiveCfg = Debug|Any CPU
		{A76A7CA4-D014-40F6-84DD-B1BA82DBDB39}.Debug|Any CPU.Build.0 = Debug|Any CPU
		{A76A7CA4-D014-40F6-84DD-B1BA82DBDB39}.Release|Any CPU.ActiveCfg = Release|Any CPU
		{A76A7CA4-D014-40F6-84DD-B1BA82DBDB39}.Release|Any CPU.Build.0 = Release|Any CPU
	EndGlobalSection
	GlobalSection(SolutionProperties) = preSolution
		HideSolutionNode = FALSE
	EndGlobalSection
	GlobalSection(ExtensibilityGlobals) = postSolution
		SolutionGuid = {A66F6F2D-6720-4694-B906-778EAE7465AC}
	EndGlobalSection
EndGlobal
